PODS:
  - aa_multiplatform_lib (0.0.1)

DEPENDENCIES:
  - aa_multiplatform_lib (from `/Users/matthewkruk/Documents/aaKmmLib/aa_multiplatform_lib`)

EXTERNAL SOURCES:
  aa_multiplatform_lib:
    :path: "/Users/matthewkruk/Documents/aaKmmLib/aa_multiplatform_lib"

SPEC CHECKSUMS:
  aa_multiplatform_lib: f8ba6703a54df999191b632624996267becbe426

PODFILE CHECKSUM: 6c3dd77297bfb7683613c33a520592e63b0b02b8

COCOAPODS: 1.11.3
